
Microsoft Visual Studio Solution File, Format Version 12.00
Project("{FAE04EC0-301F-11D3-BF4B-00C04F79EFBC}") = "APIDesarrollo", "APIDesarrollo.csproj", "{74CB3C3C-B221-4B76-B7C5-7ABD25764841}"
EndProject
Global
	GlobalSection(SolutionConfigurationPlatforms) = preSolution
		Debug|Any CPU = Debug|Any CPU
		Release|Any CPU = Release|Any CPU
	EndGlobalSection
	GlobalSection(ProjectConfigurationPlatforms) = postSolution
		{74CB3C3C-B221-4B76-B7C5-7ABD25764841}.Debug|Any CPU.ActiveCfg = Debug|Any CPU
		{74CB3C3C-B221-4B76-B7C5-7ABD25764841}.Debug|Any CPU.Build.0 = Debug|Any CPU
		{74CB3C3C-B221-4B76-B7C5-7ABD25764841}.Release|Any CPU.ActiveCfg = Release|Any CPU
		{74CB3C3C-B221-4B76-B7C5-7ABD25764841}.Release|Any CPU.Build.0 = Release|Any CPU
	EndGlobalSection
EndGlobal
